# This file is automatically @generated by Cargo.
# It is not intended for manual editing.
version = 3

[[package]]
name = "checkinternet"
version = "0.1.0"
dependencies = [
 "online",
]

[[package]]
name = "online"
version = "4.0.0"
source = "registry+https://github.com/rust-lang/crates.io-index"
checksum = "92f3da77f57f551a8f50567bf3c2b2883716d7b1ded55ee3f5e0d1ad549df56b"
